
Microsoft Visual Studio Solution File, Format Version 12.00
# Visual Studio Version 17
VisualStudioVersion = 17.14.36908.2
MinimumVisualStudioVersion = 10.0.40219.1
Project("{FAE04EC0-301F-11D3-BF4B-00C04F79EFBC}") = "HEMS.API", "HEMS.API\HEMS.API.csproj", "{BE92C634-55B1-4316-B875-BDF2C5C6150D}"
EndProject
Project("{FAE04EC0-301F-11D3-BF4B-00C04F79EFBC}") = "HEMS.Domain", "HEMS.Domain\HEMS.Domain.csproj", "{B60DCA2D-6226-4195-BE0A-9C27DC99083A}"
EndProject
Project("{FAE04EC0-301F-11D3-BF4B-00C04F79EFBC}") = "HEMS.Application", "HEMS.Application\HEMS.Application.csproj", "{697A74C4-3F79-4828-BA7C-149E2EFE9016}"
EndProject
Project("{FAE04EC0-301F-11D3-BF4B-00C04F79EFBC}") = "HEMS.Infrastructure", "HEMS.Infrastructure\HEMS.Infrastructure.csproj", "{98333791-CD95-41DB-AD4E-B094317A34A3}"
EndProject
Project("{FAE04EC0-301F-11D3-BF4B-00C04F79EFBC}") = "HEMS.Shared", "HEMS.Shared\HEMS.Shared.csproj", "{B162CBEE-6AF2-40CB-97E3-60AEEE83AB2B}"
EndProject
Global
	GlobalSection(SolutionConfigurationPlatforms) = preSolution
		Debug|Any CPU = Debug|Any CPU
		Release|Any CPU = Release|Any CPU
	EndGlobalSection
	GlobalSection(ProjectConfigurationPlatforms) = postSolution
		{BE92C634-55B1-4316-B875-BDF2C5C6150D}.Debug|Any CPU.ActiveCfg = Debug|Any CPU
		{BE92C634-55B1-4316-B875-BDF2C5C6150D}.Debug|Any CPU.Build.0 = Debug|Any CPU
		{BE92C634-55B1-4316-B875-BDF2C5C6150D}.Release|Any CPU.ActiveCfg = Release|Any CPU
		{BE92C634-55B1-4316-B875-BDF2C5C6150D}.Release|Any CPU.Build.0 = Release|Any CPU
		{B60DCA2D-6226-4195-BE0A-9C27DC99083A}.Debug|Any CPU.ActiveCfg = Debug|Any CPU
		{B60DCA2D-6226-4195-BE0A-9C27DC99083A}.Debug|Any CPU.Build.0 = Debug|Any CPU
		{B60DCA2D-6226-4195-BE0A-9C27DC99083A}.Release|Any CPU.ActiveCfg = Release|Any CPU
		{B60DCA2D-6226-4195-BE0A-9C27DC99083A}.Release|Any CPU.Build.0 = Release|Any CPU
		{697A74C4-3F79-4828-BA7C-149E2EFE9016}.Debug|Any CPU.ActiveCfg = Debug|Any CPU
		{697A74C4-3F79-4828-BA7C-149E2EFE9016}.Debug|Any CPU.Build.0 = Debug|Any CPU
		{697A74C4-3F79-4828-BA7C-149E2EFE9016}.Release|Any CPU.ActiveCfg = Release|Any CPU
		{697A74C4-3F79-4828-BA7C-149E2EFE9016}.Release|Any CPU.Build.0 = Release|Any CPU
		{98333791-CD95-41DB-AD4E-B094317A34A3}.Debug|Any CPU.ActiveCfg = Debug|Any CPU
		{98333791-CD95-41DB-AD4E-B094317A34A3}.Debug|Any CPU.Build.0 = Debug|Any CPU
		{98333791-CD95-41DB-AD4E-B094317A34A3}.Release|Any CPU.ActiveCfg = Release|Any CPU
		{98333791-CD95-41DB-AD4E-B094317A34A3}.Release|Any CPU.Build.0 = Release|Any CPU
		{B162CBEE-6AF2-40CB-97E3-60AEEE83AB2B}.Debug|Any CPU.ActiveCfg = Debug|Any CPU
		{B162CBEE-6AF2-40CB-97E3-60AEEE83AB2B}.Debug|Any CPU.Build.0 = Debug|Any CPU
		{B162CBEE-6AF2-40CB-97E3-60AEEE83AB2B}.Release|Any CPU.ActiveCfg = Release|Any CPU
		{B162CBEE-6AF2-40CB-97E3-60AEEE83AB2B}.Release|Any CPU.Build.0 = Release|Any CPU
	EndGlobalSection
	GlobalSection(SolutionProperties) = preSolution
		HideSolutionNode = FALSE
	EndGlobalSection
	GlobalSection(ExtensibilityGlobals) = postSolution
		SolutionGuid = {9EBF737B-E241-4D54-B8CB-FF4C92B1E937}
	EndGlobalSection
EndGlobal
